
Microsoft Visual Studio Solution File, Format Version 12.00
# Visual Studio Version 17
VisualStudioVersion = 17.5.33209.295
MinimumVisualStudioVersion = 10.0.40219.1
Project("{FAE04EC0-301F-11D3-BF4B-00C04F79EFBC}") = "SingleUserCircuit", "SingleUserCircuit.csproj", "{17ED9FE1-A669-4F9A-B6C4-BFA4B18F587C}"
EndProject
Global
	GlobalSection(SolutionConfigurationPlatforms) = preSolution
		Debug|Any CPU = Debug|Any CPU
		Release|Any CPU = Release|Any CPU
	EndGlobalSection
	GlobalSection(ProjectConfigurationPlatforms) = postSolution
		{17ED9FE1-A669-4F9A-B6C4-BFA4B18F587C}.Debug|Any CPU.ActiveCfg = Debug|Any CPU
		{17ED9FE1-A669-4F9A-B6C4-BFA4B18F587C}.Debug|Any CPU.Build.0 = Debug|Any CPU
		{17ED9FE1-A669-4F9A-B6C4-BFA4B18F587C}.Release|Any CPU.ActiveCfg = Release|Any CPU
		{17ED9FE1-A669-4F9A-B6C4-BFA4B18F587C}.Release|Any CPU.Build.0 = Release|Any CPU
	EndGlobalSection
	GlobalSection(SolutionProperties) = preSolution
		HideSolutionNode = FALSE
	EndGlobalSection
	GlobalSection(ExtensibilityGlobals) = postSolution
		SolutionGuid = {7B45A265-E967-4509-B99E-2C355249D9EC}
	EndGlobalSection
EndGlobal
